
Microsoft Visual Studio Solution File, Format Version 12.00
# Visual Studio Version 16
VisualStudioVersion = 16.0.29509.3
MinimumVisualStudioVersion = 10.0.40219.1
Project("{8BC9CEB8-8B4A-11D0-8D11-00A0C91BC942}") = "Project5", "Project5.vcxproj", "{B389CA1D-56F5-44F3-A4E8-FC44E40FE5B5}"
EndProject
Global
	GlobalSection(SolutionConfigurationPlatforms) = preSolution
		Debug|x64 = Debug|x64
		Debug|x86 = Debug|x86
		Release|x64 = Release|x64
		Release|x86 = Release|x86
	EndGlobalSection
	GlobalSection(ProjectConfigurationPlatforms) = postSolution
		{B389CA1D-56F5-44F3-A4E8-FC44E40FE5B5}.Debug|x64.ActiveCfg = Debug|x64
		{B389CA1D-56F5-44F3-A4E8-FC44E40FE5B5}.Debug|x64.Build.0 = Debug|x64
		{B389CA1D-56F5-44F3-A4E8-FC44E40FE5B5}.Debug|x86.ActiveCfg = Debug|Win32
		{B389CA1D-56F5-44F3-A4E8-FC44E40FE5B5}.Debug|x86.Build.0 = Debug|Win32
		{B389CA1D-56F5-44F3-A4E8-FC44E40FE5B5}.Release|x64.ActiveCfg = Release|x64
		{B389CA1D-56F5-44F3-A4E8-FC44E40FE5B5}.Release|x64.Build.0 = Release|x64
		{B389CA1D-56F5-44F3-A4E8-FC44E40FE5B5}.Release|x86.ActiveCfg = Release|Win32
		{B389CA1D-56F5-44F3-A4E8-FC44E40FE5B5}.Release|x86.Build.0 = Release|Win32
	EndGlobalSection
	GlobalSection(SolutionProperties) = preSolution
		HideSolutionNode = FALSE
	EndGlobalSection
	GlobalSection(ExtensibilityGlobals) = postSolution
		SolutionGuid = {5F05D256-3B80-4F27-85C9-9D5826A3BA96}
	EndGlobalSection
EndGlobal
